// !$*UTF8*$!
{
	archiveVersion = 1;
	classes = {
	};
	objectVersion = 56;
	objects = {

/* Begin PBXBuildFile section */
		6ED07C812BDF125B005BDCA5 /* MyContactsApp.swift in Sources */ = {isa = PBXBuildFile; fileRef = 6ED07C802BDF125B005BDCA5 /* MyContactsApp.swift */; };
		6ED07C832BDF125B005BDCA5 /* ContentView.swift in Sources */ = {isa = PBXBuildFile; fileRef = 6ED07C822BDF125B005BDCA5 /* ContentView.swift */; };
		6ED07C852BDF125C005BDCA5 /* Assets.xcassets in Resources */ = {isa = PBXBuildFile; fileRef = 6ED07C842BDF125C005BDCA5 /* Assets.xcassets */; };
		6ED07C882BDF125C005BDCA5 /* Preview Assets.xcassets in Resources */ = {isa = PBXBuildFile; fileRef = 6ED07C872BDF125C005BDCA5 /* Preview Assets.xcassets */; };
		6ED07C922BDF125D005BDCA5 /* MyContactsTests.swift in Sources */ = {isa = PBXBuildFile; fileRef = 6ED07C912BDF125D005BDCA5 /* MyContactsTests.swift */; };
		6ED07C9C2BDF125D005BDCA5 /* MyContactsUITests.swift in Sources */ = {isa = PBXBuildFile; fileRef = 6ED07C9B2BDF125D005BDCA5 /* MyContactsUITests.swift */; };
		6ED07C9E2BDF125D005BDCA5 /* MyContactsUITestsLaunchTests.swift in Sources */ = {isa = PBXBuildFile; fileRef = 6ED07C9D2BDF125D005BDCA5 /* MyContactsUITestsLaunchTests.swift */; };
		6ED07CAC2BDF129B005BDCA5 /* Contact.swift in Sources */ = {isa = PBXBuildFile; fileRef = 6ED07CAB2BDF129B005BDCA5 /* Contact.swift */; };
		6ED07CAF2BDF156A005BDCA5 /* CreateView.swift in Sources */ = {isa = PBXBuildFile; fileRef = 6ED07CAE2BDF156A005BDCA5 /* CreateView.swift */; };
		6ED07CB12BDF1C23005BDCA5 /* UpdateView.swift in Sources */ = {isa = PBXBuildFile; fileRef = 6ED07CB02BDF1C23005BDCA5 /* UpdateView.swift */; };
/* End PBXBuildFile section */

/* Begin PBXContainerItemProxy section */
		6ED07C8E2BDF125D005BDCA5 /* PBXContainerItemProxy */ = {
			isa = PBXContainerItemProxy;
			containerPortal = 6ED07C752BDF125B005BDCA5 /* Project object */;
			proxyType = 1;
			remoteGlobalIDString = 6ED07C7C2BDF125B005BDCA5;
			remoteInfo = MyContacts;
		};
		6ED07C982BDF125D005BDCA5 /* PBXContainerItemProxy */ = {
			isa = PBXContainerItemProxy;
			containerPortal = 6ED07C752BDF125B005BDCA5 /* Project object */;
			proxyType = 1;
			remoteGlobalIDString = 6ED07C7C2BDF125B005BDCA5;
			remoteInfo = MyContacts;
		};
/* End PBXContainerItemProxy section */

/* Begin PBXFileReference section */
		6ED07C7D2BDF125B005BDCA5 /* MyContacts.app */ = {isa = PBXFileReference; explicitFileType = wrapper.application; includeInIndex = 0; path = MyContacts.app; sourceTree = BUILT_PRODUCTS_DIR; };
		6ED07C802BDF125B005BDCA5 /* MyContactsApp.swift */ = {isa = PBXFileReference; lastKnownFileType = sourcecode.swift; path = MyContactsApp.swift; sourceTree = "<group>"; };
		6ED07C822BDF125B005BDCA5 /* ContentView.swift */ = {isa = PBXFileReference; lastKnownFileType = sourcecode.swift; path = ContentView.swift; sourceTree = "<group>"; };
		6ED07C842BDF125C005BDCA5 /* Assets.xcassets */ = {isa = PBXFileReference; lastKnownFileType = folder.assetcatalog; path = Assets.xcassets; sourceTree = "<group>"; };
		6ED07C872BDF125C005BDCA5 /* Preview Assets.xcassets */ = {isa = PBXFileReference; lastKnownFileType = folder.assetcatalog; path = "Preview Assets.xcassets"; sourceTree = "<group>"; };
		6ED07C8D2BDF125D005BDCA5 /* MyContactsTests.xctest */ = {isa = PBXFileReference; explicitFileType = wrapper.cfbundle; includeInIndex = 0; path = MyContactsTests.xctest; sourceTree = BUILT_PRODUCTS_DIR; };
		6ED07C912BDF125D005BDCA5 /* MyContactsTests.swift */ = {isa = PBXFileReference; lastKnownFileType = sourcecode.swift; path = MyContactsTests.swift; sourceTree = "<group>"; };
		6ED07C972BDF125D005BDCA5 /* MyContactsUITests.xctest */ = {isa = PBXFileReference; explicitFileType = wrapper.cfbundle; includeInIndex = 0; path = MyContactsUITests.xctest; sourceTree = BUILT_PRODUCTS_DIR; };
		6ED07C9B2BDF125D005BDCA5 /* MyContactsUITests.swift */ = {isa = PBXFileReference; lastKnownFileType = sourcecode.swift; path = MyContactsUITests.swift; sourceTree = "<group>"; };
		6ED07C9D2BDF125D005BDCA5 /* MyContactsUITestsLaunchTests.swift */ = {isa = PBXFileReference; lastKnownFileType = sourcecode.swift; path = MyContactsUITestsLaunchTests.swift; sourceTree = "<group>"; };
		6ED07CAB2BDF129B005BDCA5 /* Contact.swift */ = {isa = PBXFileReference; lastKnownFileType = sourcecode.swift; path = Contact.swift; sourceTree = "<group>"; };
		6ED07CAE2BDF156A005BDCA5 /* CreateView.swift */ = {isa = PBXFileReference; lastKnownFileType = sourcecode.swift; path = CreateView.swift; sourceTree = "<group>"; };
		6ED07CB02BDF1C23005BDCA5 /* UpdateView.swift */ = {isa = PBXFileReference; lastKnownFileType = sourcecode.swift; path = UpdateView.swift; sourceTree = "<group>"; };
/* End PBXFileReference section */

/* Begin PBXFrameworksBuildPhase section */
		6ED07C7A2BDF125B005BDCA5 /* Frameworks */ = {
			isa = PBXFrameworksBuildPhase;
			buildActionMask = 2147483647;
			files = (
			);
			runOnlyForDeploymentPostprocessing = 0;
		};
		6ED07C8A2BDF125D005BDCA5 /* Frameworks */ = {
			isa = PBXFrameworksBuildPhase;
			buildActionMask = 2147483647;
			files = (
			);
			runOnlyForDeploymentPostprocessing = 0;
		};
		6ED07C942BDF125D005BDCA5 /* Frameworks */ = {
			isa = PBXFrameworksBuildPhase;
			buildActionMask = 2147483647;
			files = (
			);
			runOnlyForDeploymentPostprocessing = 0;
		};
/* End PBXFrameworksBuildPhase section */

/* Begin PBXGroup section */
		6ED07C742BDF125B005BDCA5 = {
			isa = PBXGroup;
			children = (
				6ED07C7F2BDF125B005BDCA5 /* MyContacts */,
				6ED07C902BDF125D005BDCA5 /* MyContactsTests */,
				6ED07C9A2BDF125D005BDCA5 /* MyContactsUITests */,
				6ED07C7E2BDF125B005BDCA5 /* Products */,
			);
			sourceTree = "<group>";
		};
		6ED07C7E2BDF125B005BDCA5 /* Products */ = {
			isa = PBXGroup;
			children = (
				6ED07C7D2BDF125B005BDCA5 /* MyContacts.app */,
				6ED07C8D2BDF125D005BDCA5 /* MyContactsTests.xctest */,
				6ED07C972BDF125D005BDCA5 /* MyContactsUITests.xctest */,
			);
			name = Products;
			sourceTree = "<group>";
		};
		6ED07C7F2BDF125B005BDCA5 /* MyContacts */ = {
			isa = PBXGroup;
			children = (
				6ED07CAD2BDF1554005BDCA5 /* Views */,
				6ED07CAA2BDF128C005BDCA5 /* Model */,
				6ED07C802BDF125B005BDCA5 /* MyContactsApp.swift */,
				6ED07C822BDF125B005BDCA5 /* ContentView.swift */,
				6ED07C842BDF125C005BDCA5 /* Assets.xcassets */,
				6ED07C862BDF125C005BDCA5 /* Preview Content */,
			);
			path = MyContacts;
			sourceTree = "<group>";
		};
		6ED07C862BDF125C005BDCA5 /* Preview Content */ = {
			isa = PBXGroup;
			children = (
				6ED07C872BDF125C005BDCA5 /* Preview Assets.xcassets */,
			);
			path = "Preview Content";
			sourceTree = "<group>";
		};
		6ED07C902BDF125D005BDCA5 /* MyContactsTests */ = {
			isa = PBXGroup;
			children = (
				6ED07C912BDF125D005BDCA5 /* MyContactsTests.swift */,
			);
			path = MyContactsTests;
			sourceTree = "<group>";
		};
		6ED07C9A2BDF125D005BDCA5 /* MyContactsUITests */ = {
			isa = PBXGroup;
			children = (
				6ED07C9B2BDF125D005BDCA5 /* MyContactsUITests.swift */,
				6ED07C9D2BDF125D005BDCA5 /* MyContactsUITestsLaunchTests.swift */,
			);
			path = MyContactsUITests;
			sourceTree = "<group>";
		};
		6ED07CAA2BDF128C005BDCA5 /* Model */ = {
			isa = PBXGroup;
			children = (
				6ED07CAB2BDF129B005BDCA5 /* Contact.swift */,
			);
			path = Model;
			sourceTree = "<group>";
		};
		6ED07CAD2BDF1554005BDCA5 /* Views */ = {
			isa = PBXGroup;
			children = (
				6ED07CAE2BDF156A005BDCA5 /* CreateView.swift */,
				6ED07CB02BDF1C23005BDCA5 /* UpdateView.swift */,
			);
			path = Views;
			sourceTree = "<group>";
		};
/* End PBXGroup section */

/* Begin PBXNativeTarget section */
		6ED07C7C2BDF125B005BDCA5 /* MyContacts */ = {
			isa = PBXNativeTarget;
			buildConfigurationList = 6ED07CA12BDF125D005BDCA5 /* Build configuration list for PBXNativeTarget "MyContacts" */;
			buildPhases = (
				6ED07C792BDF125B005BDCA5 /* Sources */,
				6ED07C7A2BDF125B005BDCA5 /* Frameworks */,
				6ED07C7B2BDF125B005BDCA5 /* Resources */,
			);
			buildRules = (
			);
			dependencies = (
			);
			name = MyContacts;
			productName = MyContacts;
			productReference = 6ED07C7D2BDF125B005BDCA5 /* MyContacts.app */;
			productType = "com.apple.product-type.application";
		};
		6ED07C8C2BDF125D005BDCA5 /* MyContactsTests */ = {
			isa = PBXNativeTarget;
			buildConfigurationList = 6ED07CA42BDF125D005BDCA5 /* Build configuration list for PBXNativeTarget "MyContactsTests" */;
			buildPhases = (
				6ED07C892BDF125D005BDCA5 /* Sources */,
				6ED07C8A2BDF125D005BDCA5 /* Frameworks */,
				6ED07C8B2BDF125D005BDCA5 /* Resources */,
			);
			buildRules = (
			);
			dependencies = (
				6ED07C8F2BDF125D005BDCA5 /* PBXTargetDependency */,
			);
			name = MyContactsTests;
			productName = MyContactsTests;
			productReference = 6ED07C8D2BDF125D005BDCA5 /* MyContactsTests.xctest */;
			productType = "com.apple.product-type.bundle.unit-test";
		};
		6ED07C962BDF125D005BDCA5 /* MyContactsUITests */ = {
			isa = PBXNativeTarget;
			buildConfigurationList = 6ED07CA72BDF125D005BDCA5 /* Build configuration list for PBXNativeTarget "MyContactsUITests" */;
			buildPhases = (
				6ED07C932BDF125D005BDCA5 /* Sources */,
				6ED07C942BDF125D005BDCA5 /* Frameworks */,
				6ED07C952BDF125D005BDCA5 /* Resources */,
			);
			buildRules = (
			);
			dependencies = (
				6ED07C992BDF125D005BDCA5 /* PBXTargetDependency */,
			);
			name = MyContactsUITests;
			productName = MyContactsUITests;
			productReference = 6ED07C972BDF125D005BDCA5 /* MyContactsUITests.xctest */;
			productType = "com.apple.product-type.bundle.ui-testing";
		};
/* End PBXNativeTarget section */

/* Begin PBXProject section */
		6ED07C752BDF125B005BDCA5 /* Project object */ = {
			isa = PBXProject;
			attributes = {
				BuildIndependentTargetsInParallel = 1;
				LastSwiftUpdateCheck = 1520;
				LastUpgradeCheck = 1520;
				TargetAttributes = {
					6ED07C7C2BDF125B005BDCA5 = {
						CreatedOnToolsVersion = 15.2;
					};
					6ED07C8C2BDF125D005BDCA5 = {
						CreatedOnToolsVersion = 15.2;
						TestTargetID = 6ED07C7C2BDF125B005BDCA5;
					};
					6ED07C962BDF125D005BDCA5 = {
						CreatedOnToolsVersion = 15.2;
						TestTargetID = 6ED07C7C2BDF125B005BDCA5;
					};
				};
			};
			buildConfigurationList = 6ED07C782BDF125B005BDCA5 /* Build configuration list for PBXProject "MyContacts" */;
			compatibilityVersion = "Xcode 14.0";
			developmentRegion = en;
			hasScannedForEncodings = 0;
			knownRegions = (
				en,
				Base,
			);
			mainGroup = 6ED07C742BDF125B005BDCA5;
			productRefGroup = 6ED07C7E2BDF125B005BDCA5 /* Products */;
			projectDirPath = "";
			projectRoot = "";
			targets = (
				6ED07C7C2BDF125B005BDCA5 /* MyContacts */,
				6ED07C8C2BDF125D005BDCA5 /* MyContactsTests */,
				6ED07C962BDF125D005BDCA5 /* MyContactsUITests */,
			);
		};
/* End PBXProject section */

/* Begin PBXResourcesBuildPhase section */
		6ED07C7B2BDF125B005BDCA5 /* Resources */ = {
			isa = PBXResourcesBuildPhase;
			buildActionMask = 2147483647;
			files = (
				6ED07C882BDF125C005BDCA5 /* Preview Assets.xcassets in Resources */,
				6ED07C852BDF125C005BDCA5 /* Assets.xcassets in Resources */,
			);
			runOnlyForDeploymentPostprocessing = 0;
		};
		6ED07C8B2BDF125D005BDCA5 /* Resources */ = {
			isa = PBXResourcesBuildPhase;
			buildActionMask = 2147483647;
			files = (
			);
			runOnlyForDeploymentPostprocessing = 0;
		};
		6ED07C952BDF125D005BDCA5 /* Resources */ = {
			isa = PBXResourcesBuildPhase;
			buildActionMask = 2147483647;
			files = (
			);
			runOnlyForDeploymentPostprocessing = 0;
		};
/* End PBXResourcesBuildPhase section */

/* Begin PBXSourcesBuildPhase section */
		6ED07C792BDF125B005BDCA5 /* Sources */ = {
			isa = PBXSourcesBuildPhase;
			buildActionMask = 2147483647;
			files = (
				6ED07CAC2BDF129B005BDCA5 /* Contact.swift in Sources */,
				6ED07C832BDF125B005BDCA5 /* ContentView.swift in Sources */,
				6ED07CB12BDF1C23005BDCA5 /* UpdateView.swift in Sources */,
				6ED07CAF2BDF156A005BDCA5 /* CreateView.swift in Sources */,
				6ED07C812BDF125B005BDCA5 /* MyContactsApp.swift in Sources */,
			);
			runOnlyForDeploymentPostprocessing = 0;
		};
		6ED07C892BDF125D005BDCA5 /* Sources */ = {
			isa = PBXSourcesBuildPhase;
			buildActionMask = 2147483647;
			files = (
				6ED07C922BDF125D005BDCA5 /* MyContactsTests.swift in Sources */,
			);
			runOnlyForDeploymentPostprocessing = 0;
		};
		6ED07C932BDF125D005BDCA5 /* Sources */ = {
			isa = PBXSourcesBuildPhase;
			buildActionMask = 2147483647;
			files = (
				6ED07C9C2BDF125D005BDCA5 /* MyContactsUITests.swift in Sources */,
				6ED07C9E2BDF125D005BDCA5 /* MyContactsUITestsLaunchTests.swift in Sources */,
			);
			runOnlyForDeploymentPostprocessing = 0;
		};
/* End PBXSourcesBuildPhase section */

/* Begin PBXTargetDependency section */
		6ED07C8F2BDF125D005BDCA5 /* PBXTargetDependency */ = {
			isa = PBXTargetDependency;
			target = 6ED07C7C2BDF125B005BDCA5 /* MyContacts */;
			targetProxy = 6ED07C8E2BDF125D005BDCA5 /* PBXContainerItemProxy */;
		};
		6ED07C992BDF125D005BDCA5 /* PBXTargetDependency */ = {
			isa = PBXTargetDependency;
			target = 6ED07C7C2BDF125B005BDCA5 /* MyContacts */;
			targetProxy = 6ED07C982BDF125D005BDCA5 /* PBXContainerItemProxy */;
		};
/* End PBXTargetDependency section */

/* Begin XCBuildConfiguration section */
		6ED07C9F2BDF125D005BDCA5 /* Debug */ = {
			isa = XCBuildConfiguration;
			buildSettings = {
				ALWAYS_SEARCH_USER_PATHS = NO;
				ASSETCATALOG_COMPILER_GENERATE_SWIFT_ASSET_SYMBOL_EXTENSIONS = YES;
				CLANG_ANALYZER_NONNULL = YES;
				CLANG_ANALYZER_NUMBER_OBJECT_CONVERSION = YES_AGGRESSIVE;
				CLANG_CXX_LANGUAGE_STANDARD = "gnu++20";
				CLANG_ENABLE_MODULES = YES;
				CLANG_ENABLE_OBJC_ARC = YES;
				CLANG_ENABLE_OBJC_WEAK = YES;
				CLANG_WARN_BLOCK_CAPTURE_AUTORELEASING = YES;
				CLANG_WARN_BOOL_CONVERSION = YES;
				CLANG_WARN_COMMA = YES;
				CLANG_WARN_CONSTANT_CONVERSION = YES;
				CLANG_WARN_DEPRECATED_OBJC_IMPLEMENTATIONS = YES;
				CLANG_WARN_DIRECT_OBJC_ISA_USAGE = YES_ERROR;
				CLANG_WARN_DOCUMENTATION_COMMENTS = YES;
				CLANG_WARN_EMPTY_BODY = YES;
				CLANG_WARN_ENUM_CONVERSION = YES;
				CLANG_WARN_INFINITE_RECURSION = YES;
				CLANG_WARN_INT_CONVERSION = YES;
				CLANG_WARN_NON_LITERAL_NULL_CONVERSION = YES;
				CLANG_WARN_OBJC_IMPLICIT_RETAIN_SELF = YES;
				CLANG_WARN_OBJC_LITERAL_CONVERSION = YES;
				CLANG_WARN_OBJC_ROOT_CLASS = YES_ERROR;
				CLANG_WARN_QUOTED_INCLUDE_IN_FRAMEWORK_HEADER = YES;
				CLANG_WARN_RANGE_LOOP_ANALYSIS = YES;
				CLANG_WARN_STRICT_PROTOTYPES = YES;
				CLANG_WARN_SUSPICIOUS_MOVE = YES;
				CLANG_WARN_UNGUARDED_AVAILABILITY = YES_AGGRESSIVE;
				CLANG_WARN_UNREACHABLE_CODE = YES;
				CLANG_WARN__DUPLICATE_METHOD_MATCH = YES;
				COPY_PHASE_STRIP = NO;
				DEBUG_INFORMATION_FORMAT = dwarf;
				ENABLE_STRICT_OBJC_MSGSEND = YES;
				ENABLE_TESTABILITY = YES;
				ENABLE_USER_SCRIPT_SANDBOXING = YES;
				GCC_C_LANGUAGE_STANDARD = gnu17;
				GCC_DYNAMIC_NO_PIC = NO;
				GCC_NO_COMMON_BLOCKS = YES;
				GCC_OPTIMIZATION_LEVEL = 0;
				GCC_PREPROCESSOR_DEFINITIONS = (
					"DEBUG=1",
					"$(inherited)",
				);
				GCC_WARN_64_TO_32_BIT_CONVERSION = YES;
				GCC_WARN_ABOUT_RETURN_TYPE = YES_ERROR;
				GCC_WARN_UNDECLARED_SELECTOR = YES;
				GCC_WARN_UNINITIALIZED_AUTOS = YES_AGGRESSIVE;
				GCC_WARN_UNUSED_FUNCTION = YES;
				GCC_WARN_UNUSED_VARIABLE = YES;
				IPHONEOS_DEPLOYMENT_TARGET = 17.2;
				LOCALIZATION_PREFERS_STRING_CATALOGS = YES;
				MTL_ENABLE_DEBUG_INFO = INCLUDE_SOURCE;
				MTL_FAST_MATH = YES;
				ONLY_ACTIVE_ARCH = YES;
				SDKROOT = iphoneos;
				SWIFT_ACTIVE_COMPILATION_CONDITIONS = "DEBUG $(inherited)";
				SWIFT_OPTIMIZATION_LEVEL = "-Onone";
			};
			name = Debug;
		};
		6ED07CA02BDF125D005BDCA5 /* Release */ = {
			isa = XCBuildConfiguration;
			buildSettings = {
				ALWAYS_SEARCH_USER_PATHS = NO;
				ASSETCATALOG_COMPILER_GENERATE_SWIFT_ASSET_SYMBOL_EXTENSIONS = YES;
				CLANG_ANALYZER_NONNULL = YES;
				CLANG_ANALYZER_NUMBER_OBJECT_CONVERSION = YES_AGGRESSIVE;
				CLANG_CXX_LANGUAGE_STANDARD = "gnu++20";
				CLANG_ENABLE_MODULES = YES;
				CLANG_ENABLE_OBJC_ARC = YES;
				CLANG_ENABLE_OBJC_WEAK = YES;
				CLANG_WARN_BLOCK_CAPTURE_AUTORELEASING = YES;
				CLANG_WARN_BOOL_CONVERSION = YES;
				CLANG_WARN_COMMA = YES;
				CLANG_WARN_CONSTANT_CONVERSION = YES;
				CLANG_WARN_DEPRECATED_OBJC_IMPLEMENTATIONS = YES;
				CLANG_WARN_DIRECT_OBJC_ISA_USAGE = YES_ERROR;
				CLANG_WARN_DOCUMENTATION_COMMENTS = YES;
				CLANG_WARN_EMPTY_BODY = YES;
				CLANG_WARN_ENUM_CONVERSION = YES;
				CLANG_WARN_INFINITE_RECURSION = YES;
				CLANG_WARN_INT_CONVERSION = YES;
				CLANG_WARN_NON_LITERAL_NULL_CONVERSION = YES;
				CLANG_WARN_OBJC_IMPLICIT_RETAIN_SELF = YES;
				CLANG_WARN_OBJC_LITERAL_CONVERSION = YES;
				CLANG_WARN_OBJC_ROOT_CLASS = YES_ERROR;
				CLANG_WARN_QUOTED_INCLUDE_IN_FRAMEWORK_HEADER = YES;
				CLANG_WARN_RANGE_LOOP_ANALYSIS = YES;
				CLANG_WARN_STRICT_PROTOTYPES = YES;
				CLANG_WARN_SUSPICIOUS_MOVE = YES;
				CLANG_WARN_UNGUARDED_AVAILABILITY = YES_AGGRESSIVE;
				CLANG_WARN_UNREACHABLE_CODE = YES;
				CLANG_WARN__DUPLICATE_METHOD_MATCH = YES;
				COPY_PHASE_STRIP = NO;
				DEBUG_INFORMATION_FORMAT = "dwarf-with-dsym";
				ENABLE_NS_ASSERTIONS = NO;
				ENABLE_STRICT_OBJC_MSGSEND = YES;
				ENABLE_USER_SCRIPT_SANDBOXING = YES;
				GCC_C_LANGUAGE_STANDARD = gnu17;
				GCC_NO_COMMON_BLOCKS = YES;
				GCC_WARN_64_TO_32_BIT_CONVERSION = YES;
				GCC_WARN_ABOUT_RETURN_TYPE = YES_ERROR;
				GCC_WARN_UNDECLARED_SELECTOR = YES;
				GCC_WARN_UNINITIALIZED_AUTOS = YES_AGGRESSIVE;
				GCC_WARN_UNUSED_FUNCTION = YES;
				GCC_WARN_UNUSED_VARIABLE = YES;
				IPHONEOS_DEPLOYMENT_TARGET = 17.2;
				LOCALIZATION_PREFERS_STRING_CATALOGS = YES;
				MTL_ENABLE_DEBUG_INFO = NO;
				MTL_FAST_MATH = YES;
				SDKROOT = iphoneos;
				SWIFT_COMPILATION_MODE = wholemodule;
				VALIDATE_PRODUCT = YES;
			};
			name = Release;
		};
		6ED07CA22BDF125D005BDCA5 /* Debug */ = {
			isa = XCBuildConfiguration;
			buildSettings = {
				ASSETCATALOG_COMPILER_APPICON_NAME = AppIcon;
				ASSETCATALOG_COMPILER_GLOBAL_ACCENT_COLOR_NAME = AccentColor;
				CODE_SIGN_STYLE = Automatic;
				CURRENT_PROJECT_VERSION = 1;
				DEVELOPMENT_ASSET_PATHS = "\"MyContacts/Preview Content\"";
				ENABLE_PREVIEWS = YES;
				GENERATE_INFOPLIST_FILE = YES;
				INFOPLIST_KEY_UIApplicationSceneManifest_Generation = YES;
				INFOPLIST_KEY_UIApplicationSupportsIndirectInputEvents = YES;
				INFOPLIST_KEY_UILaunchScreen_Generation = YES;
				INFOPLIST_KEY_UISupportedInterfaceOrientations_iPad = "UIInterfaceOrientationPortrait UIInterfaceOrientationPortraitUpsideDown UIInterfaceOrientationLandscapeLeft UIInterfaceOrientationLandscapeRight";
				INFOPLIST_KEY_UISupportedInterfaceOrientations_iPhone = "UIInterfaceOrientationPortrait UIInterfaceOrientationLandscapeLeft UIInterfaceOrientationLandscapeRight";
				LD_RUNPATH_SEARCH_PATHS = (
					"$(inherited)",
					"@executable_path/Frameworks",
				);
				MARKETING_VERSION = 1.0;
				PRODUCT_BUNDLE_IDENTIFIER = cristian.laguna.MyContacts;
				PRODUCT_NAME = "$(TARGET_NAME)";
				SWIFT_EMIT_LOC_STRINGS = YES;
				SWIFT_VERSION = 5.0;
				TARGETED_DEVICE_FAMILY = "1,2";
			};
			name = Debug;
		};
		6ED07CA32BDF125D005BDCA5 /* Release */ = {
			isa = XCBuildConfiguration;
			buildSettings = {
				ASSETCATALOG_COMPILER_APPICON_NAME = AppIcon;
				ASSETCATALOG_COMPILER_GLOBAL_ACCENT_COLOR_NAME = AccentColor;
				CODE_SIGN_STYLE = Automatic;
				CURRENT_PROJECT_VERSION = 1;
				DEVELOPMENT_ASSET_PATHS = "\"MyContacts/Preview Content\"";
				ENABLE_PREVIEWS = YES;
				GENERATE_INFOPLIST_FILE = YES;
				INFOPLIST_KEY_UIApplicationSceneManifest_Generation = YES;
				INFOPLIST_KEY_UIApplicationSupportsIndirectInputEvents = YES;
				INFOPLIST_KEY_UILaunchScreen_Generation = YES;
				INFOPLIST_KEY_UISupportedInterfaceOrientations_iPad = "UIInterfaceOrientationPortrait UIInterfaceOrientationPortraitUpsideDown UIInterfaceOrientationLandscapeLeft UIInterfaceOrientationLandscapeRight";
				INFOPLIST_KEY_UISupportedInterfaceOrientations_iPhone = "UIInterfaceOrientationPortrait UIInterfaceOrientationLandscapeLeft UIInterfaceOrientationLandscapeRight";
				LD_RUNPATH_SEARCH_PATHS = (
					"$(inherited)",
					"@executable_path/Frameworks",
				);
				MARKETING_VERSION = 1.0;
				PRODUCT_BUNDLE_IDENTIFIER = cristian.laguna.MyContacts;
				PRODUCT_NAME = "$(TARGET_NAME)";
				SWIFT_EMIT_LOC_STRINGS = YES;
				SWIFT_VERSION = 5.0;
				TARGETED_DEVICE_FAMILY = "1,2";
			};
			name = Release;
		};
		6ED07CA52BDF125D005BDCA5 /* Debug */ = {
			isa = XCBuildConfiguration;
			buildSettings = {
				ALWAYS_EMBED_SWIFT_STANDARD_LIBRARIES = YES;
				BUNDLE_LOADER = "$(TEST_HOST)";
				CODE_SIGN_STYLE = Automatic;
				CURRENT_PROJECT_VERSION = 1;
				GENERATE_INFOPLIST_FILE = YES;
				IPHONEOS_DEPLOYMENT_TARGET = 17.2;
				MARKETING_VERSION = 1.0;
				PRODUCT_BUNDLE_IDENTIFIER = cristian.laguna.MyContactsTests;
				PRODUCT_NAME = "$(TARGET_NAME)";
				SWIFT_EMIT_LOC_STRINGS = NO;
				SWIFT_VERSION = 5.0;
				TARGETED_DEVICE_FAMILY = "1,2";
				TEST_HOST = "$(BUILT_PRODUCTS_DIR)/MyContacts.app/$(BUNDLE_EXECUTABLE_FOLDER_PATH)/MyContacts";
			};
			name = Debug;
		};
		6ED07CA62BDF125D005BDCA5 /* Release */ = {
			isa = XCBuildConfiguration;
			buildSettings = {
				ALWAYS_EMBED_SWIFT_STANDARD_LIBRARIES = YES;
				BUNDLE_LOADER = "$(TEST_HOST)";
				CODE_SIGN_STYLE = Automatic;
				CURRENT_PROJECT_VERSION = 1;
				GENERATE_INFOPLIST_FILE = YES;
				IPHONEOS_DEPLOYMENT_TARGET = 17.2;
				MARKETING_VERSION = 1.0;
				PRODUCT_BUNDLE_IDENTIFIER = cristian.laguna.MyContactsTests;
				PRODUCT_NAME = "$(TARGET_NAME)";
				SWIFT_EMIT_LOC_STRINGS = NO;
				SWIFT_VERSION = 5.0;
				TARGETED_DEVICE_FAMILY = "1,2";
				TEST_HOST = "$(BUILT_PRODUCTS_DIR)/MyContacts.app/$(BUNDLE_EXECUTABLE_FOLDER_PATH)/MyContacts";
			};
			name = Release;
		};
		6ED07CA82BDF125D005BDCA5 /* Debug */ = {
			isa = XCBuildConfiguration;
			buildSettings = {
				ALWAYS_EMBED_SWIFT_STANDARD_LIBRARIES = YES;
				CODE_SIGN_STYLE = Automatic;
				CURRENT_PROJECT_VERSION = 1;
				GENERATE_INFOPLIST_FILE = YES;
				MARKETING_VERSION = 1.0;
				PRODUCT_BUNDLE_IDENTIFIER = cristian.laguna.MyContactsUITests;
				PRODUCT_NAME = "$(TARGET_NAME)";
				SWIFT_EMIT_LOC_STRINGS = NO;
				SWIFT_VERSION = 5.0;
				TARGETED_DEVICE_FAMILY = "1,2";
				TEST_TARGET_NAME = MyContacts;
			};
			name = Debug;
		};
		6ED07CA92BDF125D005BDCA5 /* Release */ = {
			isa = XCBuildConfiguration;
			buildSettings = {
				ALWAYS_EMBED_SWIFT_STANDARD_LIBRARIES = YES;
				CODE_SIGN_STYLE = Automatic;
				CURRENT_PROJECT_VERSION = 1;
				GENERATE_INFOPLIST_FILE = YES;
				MARKETING_VERSION = 1.0;
				PRODUCT_BUNDLE_IDENTIFIER = cristian.laguna.MyContactsUITests;
				PRODUCT_NAME = "$(TARGET_NAME)";
				SWIFT_EMIT_LOC_STRINGS = NO;
				SWIFT_VERSION = 5.0;
				TARGETED_DEVICE_FAMILY = "1,2";
				TEST_TARGET_NAME = MyContacts;
			};
			name = Release;
		};
/* End XCBuildConfiguration section */

/* Begin XCConfigurationList section */
		6ED07C782BDF125B005BDCA5 /* Build configuration list for PBXProject "MyContacts" */ = {
			isa = XCConfigurationList;
			buildConfigurations = (
				6ED07C9F2BDF125D005BDCA5 /* Debug */,
				6ED07CA02BDF125D005BDCA5 /* Release */,
			);
			defaultConfigurationIsVisible = 0;
			defaultConfigurationName = Release;
		};
		6ED07CA12BDF125D005BDCA5 /* Build configuration list for PBXNativeTarget "MyContacts" */ = {
			isa = XCConfigurationList;
			buildConfigurations = (
				6ED07CA22BDF125D005BDCA5 /* Debug */,
				6ED07CA32BDF125D005BDCA5 /* Release */,
			);
			defaultConfigurationIsVisible = 0;
			defaultConfigurationName = Release;
		};
		6ED07CA42BDF125D005BDCA5 /* Build configuration list for PBXNativeTarget "MyContactsTests" */ = {
			isa = XCConfigurationList;
			buildConfigurations = (
				6ED07CA52BDF125D005BDCA5 /* Debug */,
				6ED07CA62BDF125D005BDCA5 /* Release */,
			);
			defaultConfigurationIsVisible = 0;
			defaultConfigurationName = Release;
		};
		6ED07CA72BDF125D005BDCA5 /* Build configuration list for PBXNativeTarget "MyContactsUITests" */ = {
			isa = XCConfigurationList;
			buildConfigurations = (
				6ED07CA82BDF125D005BDCA5 /* Debug */,
				6ED07CA92BDF125D005BDCA5 /* Release */,
			);
			defaultConfigurationIsVisible = 0;
			defaultConfigurationName = Release;
		};
/* End XCConfigurationList section */
	};
	rootObject = 6ED07C752BDF125B005BDCA5 /* Project object */;
}
